
Microsoft Visual Studio Solution File, Format Version 12.00
# Visual Studio 14
VisualStudioVersion = 14.0.25123.0
MinimumVisualStudioVersion = 10.0.40219.1
Project("{8BC9CEB8-8B4A-11D0-8D11-00A0C91BC942}") = "Strategy", "Strategy\Strategy.vcxproj", "{706977EE-F166-4A90-9774-FF175B5DAEF2}"
EndProject
Project("{8BC9CEB8-8B4A-11D0-8D11-00A0C91BC942}") = "Proxy", "Proxy\Proxy.vcxproj", "{EB698E42-0F6C-4123-B9F1-0D11B178A090}"
EndProject
Project("{8BC9CEB8-8B4A-11D0-8D11-00A0C91BC942}") = "Singleton", "Singleton\Singleton.vcxproj", "{F3928988-B9A2-49AA-98A2-BA506247DD1E}"
EndProject
Project("{8BC9CEB8-8B4A-11D0-8D11-00A0C91BC942}") = "FactoryMethod", "Factory\Factory.vcxproj", "{019EBEC6-7BE9-4C08-A515-74AD433B1614}"
EndProject
Project("{8BC9CEB8-8B4A-11D0-8D11-00A0C91BC942}") = "Facade", "Facade\Facade.vcxproj", "{6AB22FE6-679E-41D3-B701-892ABDDC0545}"
EndProject
Project("{8BC9CEB8-8B4A-11D0-8D11-00A0C91BC942}") = "FactoryAbstract", "FactoryAbstract\FactoryAbstract.vcxproj", "{727DA2DD-43AE-40AF-B5C2-93E3ECCD8BD1}"
EndProject
Project("{8BC9CEB8-8B4A-11D0-8D11-00A0C91BC942}") = "Adapter", "Adapter\Adapter.vcxproj", "{87C12489-EA88-4ADE-AC3E-FF846BDEE84B}"
EndProject
Project("{8BC9CEB8-8B4A-11D0-8D11-00A0C91BC942}") = "Template", "Template\Template.vcxproj", "{1451139C-54F9-4426-846D-E4A6C5554CBE}"
EndProject
Project("{8BC9CEB8-8B4A-11D0-8D11-00A0C91BC942}") = "Builder", "Builder\Builder.vcxproj", "{D1B7AF27-E79F-47D9-9EC7-9CDA116C09AA}"
EndProject
Global
	GlobalSection(SolutionConfigurationPlatforms) = preSolution
		Debug|x64 = Debug|x64
		Debug|x86 = Debug|x86
		Release|x64 = Release|x64
		Release|x86 = Release|x86
	EndGlobalSection
	GlobalSection(ProjectConfigurationPlatforms) = postSolution
		{706977EE-F166-4A90-9774-FF175B5DAEF2}.Debug|x64.ActiveCfg = Debug|x64
		{706977EE-F166-4A90-9774-FF175B5DAEF2}.Debug|x64.Build.0 = Debug|x64
		{706977EE-F166-4A90-9774-FF175B5DAEF2}.Debug|x86.ActiveCfg = Debug|Win32
		{706977EE-F166-4A90-9774-FF175B5DAEF2}.Debug|x86.Build.0 = Debug|Win32
		{706977EE-F166-4A90-9774-FF175B5DAEF2}.Release|x64.ActiveCfg = Release|x64
		{706977EE-F166-4A90-9774-FF175B5DAEF2}.Release|x64.Build.0 = Release|x64
		{706977EE-F166-4A90-9774-FF175B5DAEF2}.Release|x86.ActiveCfg = Release|Win32
		{706977EE-F166-4A90-9774-FF175B5DAEF2}.Release|x86.Build.0 = Release|Win32
		{EB698E42-0F6C-4123-B9F1-0D11B178A090}.Debug|x64.ActiveCfg = Debug|x64
		{EB698E42-0F6C-4123-B9F1-0D11B178A090}.Debug|x64.Build.0 = Debug|x64
		{EB698E42-0F6C-4123-B9F1-0D11B178A090}.Debug|x86.ActiveCfg = Debug|Win32
		{EB698E42-0F6C-4123-B9F1-0D11B178A090}.Debug|x86.Build.0 = Debug|Win32
		{EB698E42-0F6C-4123-B9F1-0D11B178A090}.Release|x64.ActiveCfg = Release|x64
		{EB698E42-0F6C-4123-B9F1-0D11B178A090}.Release|x64.Build.0 = Release|x64
		{EB698E42-0F6C-4123-B9F1-0D11B178A090}.Release|x86.ActiveCfg = Release|Win32
		{EB698E42-0F6C-4123-B9F1-0D11B178A090}.Release|x86.Build.0 = Release|Win32
		{F3928988-B9A2-49AA-98A2-BA506247DD1E}.Debug|x64.ActiveCfg = Debug|x64
		{F3928988-B9A2-49AA-98A2-BA506247DD1E}.Debug|x64.Build.0 = Debug|x64
		{F3928988-B9A2-49AA-98A2-BA506247DD1E}.Debug|x86.ActiveCfg = Debug|Win32
		{F3928988-B9A2-49AA-98A2-BA506247DD1E}.Debug|x86.Build.0 = Debug|Win32
		{F3928988-B9A2-49AA-98A2-BA506247DD1E}.Release|x64.ActiveCfg = Release|x64
		{F3928988-B9A2-49AA-98A2-BA506247DD1E}.Release|x64.Build.0 = Release|x64
		{F3928988-B9A2-49AA-98A2-BA506247DD1E}.Release|x86.ActiveCfg = Release|Win32
		{F3928988-B9A2-49AA-98A2-BA506247DD1E}.Release|x86.Build.0 = Release|Win32
		{019EBEC6-7BE9-4C08-A515-74AD433B1614}.Debug|x64.ActiveCfg = Debug|x64
		{019EBEC6-7BE9-4C08-A515-74AD433B1614}.Debug|x64.Build.0 = Debug|x64
		{019EBEC6-7BE9-4C08-A515-74AD433B1614}.Debug|x86.ActiveCfg = Debug|Win32
		{019EBEC6-7BE9-4C08-A515-74AD433B1614}.Debug|x86.Build.0 = Debug|Win32
		{019EBEC6-7BE9-4C08-A515-74AD433B1614}.Release|x64.ActiveCfg = Release|x64
		{019EBEC6-7BE9-4C08-A515-74AD433B1614}.Release|x64.Build.0 = Release|x64
		{019EBEC6-7BE9-4C08-A515-74AD433B1614}.Release|x86.ActiveCfg = Release|Win32
		{019EBEC6-7BE9-4C08-A515-74AD433B1614}.Release|x86.Build.0 = Release|Win32
		{6AB22FE6-679E-41D3-B701-892ABDDC0545}.Debug|x64.ActiveCfg = Debug|x64
		{6AB22FE6-679E-41D3-B701-892ABDDC0545}.Debug|x64.Build.0 = Debug|x64
		{6AB22FE6-679E-41D3-B701-892ABDDC0545}.Debug|x86.ActiveCfg = Debug|Win32
		{6AB22FE6-679E-41D3-B701-892ABDDC0545}.Debug|x86.Build.0 = Debug|Win32
		{6AB22FE6-679E-41D3-B701-892ABDDC0545}.Release|x64.ActiveCfg = Release|x64
		{6AB22FE6-679E-41D3-B701-892ABDDC0545}.Release|x64.Build.0 = Release|x64
		{6AB22FE6-679E-41D3-B701-892ABDDC0545}.Release|x86.ActiveCfg = Release|Win32
		{6AB22FE6-679E-41D3-B701-892ABDDC0545}.Release|x86.Build.0 = Release|Win32
		{727DA2DD-43AE-40AF-B5C2-93E3ECCD8BD1}.Debug|x64.ActiveCfg = Debug|x64
		{727DA2DD-43AE-40AF-B5C2-93E3ECCD8BD1}.Debug|x64.Build.0 = Debug|x64
		{727DA2DD-43AE-40AF-B5C2-93E3ECCD8BD1}.Debug|x86.ActiveCfg = Debug|Win32
		{727DA2DD-43AE-40AF-B5C2-93E3ECCD8BD1}.Debug|x86.Build.0 = Debug|Win32
		{727DA2DD-43AE-40AF-B5C2-93E3ECCD8BD1}.Release|x64.ActiveCfg = Release|x64
		{727DA2DD-43AE-40AF-B5C2-93E3ECCD8BD1}.Release|x64.Build.0 = Release|x64
		{727DA2DD-43AE-40AF-B5C2-93E3ECCD8BD1}.Release|x86.ActiveCfg = Release|Win32
		{727DA2DD-43AE-40AF-B5C2-93E3ECCD8BD1}.Release|x86.Build.0 = Release|Win32
		{87C12489-EA88-4ADE-AC3E-FF846BDEE84B}.Debug|x64.ActiveCfg = Debug|x64
		{87C12489-EA88-4ADE-AC3E-FF846BDEE84B}.Debug|x64.Build.0 = Debug|x64
		{87C12489-EA88-4ADE-AC3E-FF846BDEE84B}.Debug|x86.ActiveCfg = Debug|Win32
		{87C12489-EA88-4ADE-AC3E-FF846BDEE84B}.Debug|x86.Build.0 = Debug|Win32
		{87C12489-EA88-4ADE-AC3E-FF846BDEE84B}.Release|x64.ActiveCfg = Release|x64
		{87C12489-EA88-4ADE-AC3E-FF846BDEE84B}.Release|x64.Build.0 = Release|x64
		{87C12489-EA88-4ADE-AC3E-FF846BDEE84B}.Release|x86.ActiveCfg = Release|Win32
		{87C12489-EA88-4ADE-AC3E-FF846BDEE84B}.Release|x86.Build.0 = Release|Win32
		{1451139C-54F9-4426-846D-E4A6C5554CBE}.Debug|x64.ActiveCfg = Debug|x64
		{1451139C-54F9-4426-846D-E4A6C5554CBE}.Debug|x64.Build.0 = Debug|x64
		{1451139C-54F9-4426-846D-E4A6C5554CBE}.Debug|x86.ActiveCfg = Debug|Win32
		{1451139C-54F9-4426-846D-E4A6C5554CBE}.Debug|x86.Build.0 = Debug|Win32
		{1451139C-54F9-4426-846D-E4A6C5554CBE}.Release|x64.ActiveCfg = Release|x64
		{1451139C-54F9-4426-846D-E4A6C5554CBE}.Release|x64.Build.0 = Release|x64
		{1451139C-54F9-4426-846D-E4A6C5554CBE}.Release|x86.ActiveCfg = Release|Win32
		{1451139C-54F9-4426-846D-E4A6C5554CBE}.Release|x86.Build.0 = Release|Win32
		{D1B7AF27-E79F-47D9-9EC7-9CDA116C09AA}.Debug|x64.ActiveCfg = Debug|x64
		{D1B7AF27-E79F-47D9-9EC7-9CDA116C09AA}.Debug|x64.Build.0 = Debug|x64
		{D1B7AF27-E79F-47D9-9EC7-9CDA116C09AA}.Debug|x86.ActiveCfg = Debug|Win32
		{D1B7AF27-E79F-47D9-9EC7-9CDA116C09AA}.Debug|x86.Build.0 = Debug|Win32
		{D1B7AF27-E79F-47D9-9EC7-9CDA116C09AA}.Release|x64.ActiveCfg = Release|x64
		{D1B7AF27-E79F-47D9-9EC7-9CDA116C09AA}.Release|x64.Build.0 = Release|x64
		{D1B7AF27-E79F-47D9-9EC7-9CDA116C09AA}.Release|x86.ActiveCfg = Release|Win32
		{D1B7AF27-E79F-47D9-9EC7-9CDA116C09AA}.Release|x86.Build.0 = Release|Win32
	EndGlobalSection
	GlobalSection(SolutionProperties) = preSolution
		HideSolutionNode = FALSE
	EndGlobalSection
EndGlobal
